{
    "_readme": [
        "This file locks the dependencies of your project to a known state",
        "Read more about it at https://getcomposer.org/doc/01-basic-usage.md#installing-dependencies",
        "This file is @generated automatically"
    ],
    "content-hash": "a1b2c3d4e5f6g7h8i9j0k1l2m3n4o5p6",
    "packages": [
        {
            "name": "doctrine/cache",
            "version": "2.2.0",
            "source": {
                "type": "git",
                "url": "https://github.com/doctrine/cache.git",
                "reference": "1ca8f21980e770095a31456042471a57bc4c68fb"
            },
            "require": {
                "php": "~7.1 || ^8.0"
            },
            "type": "library",
            "autoload": {
                "psr-4": {
                    "Doctrine\\Common\\Cache\\": "lib/Doctrine/Common/Cache"
                }
            }
        },
        {
            "name": "doctrine/collections",
            "version": "1.8.0",
            "source": {
                "type": "git",
                "url": "https://github.com/doctrine/collections.git",
                "reference": "2b44dd4cbca8b5744327de78bafef5945c7e7b5e"
            },
            "require": {
                "php": "^7.1.3 || ^8.0"
            },
            "type": "library",
            "autoload": {
                "psr-4": {
                    "Doctrine\\Common\\Collections\\": "lib/Doctrine/Common/Collections"
                }
            }
        },
        {
            "name": "doctrine/common",
            "version": "3.4.3",
            "source": {
                "type": "git",
                "url": "https://github.com/doctrine/common.git",
                "reference": "8b5e5650391f851ed58910b3e3d48a71062eeced"
            },
            "require": {
                "doctrine/persistence": "^2.0 || ^3.0",
                "php": "^7.1 || ^8.0"
            },
            "type": "library",
            "autoload": {
                "psr-4": {
                    "Doctrine\\Common\\": "src"
                }
            }
        },
        {
            "name": "doctrine/dbal",
            "version": "3.6.7",
            "source": {
                "type": "git",
                "url": "https://github.com/doctrine/dbal.git",
                "reference": "5b4b4fab39b5e13c1ce5c8d71c1489ea68c14a39"
            },
            "require": {
                "composer-runtime-api": "^2",
                "doctrine/cache": "^1.11 || ^2.0",
                "doctrine/deprecations": "^0.5.3 || ^1",
                "doctrine/event-manager": "^1 || ^2",
                "php": "^7.4 || ^8.0",
                "psr/cache": "^1 || ^2 || ^3",
                "psr/log": "^1 || ^2 || ^3"
            },
            "type": "library",
            "autoload": {
                "psr-4": {
                    "Doctrine\\DBAL\\": "src"
                }
            }
        },
        {
            "name": "doctrine/deprecations",
            "version": "v1.1.2",
            "source": {
                "type": "git",
                "url": "https://github.com/doctrine/deprecations.git",
                "reference": "4f2d4f2836e7ec4e7a8625e75c6aa916004db931"
            },
            "require": {
                "php": "^7.1 || ^8.0"
            },
            "type": "library",
            "autoload": {
                "psr-4": {
                    "Doctrine\\Deprecations\\": "lib/Doctrine/Deprecations"
                }
            }
        },
        {
            "name": "doctrine/doctrine-bundle",
            "version": "2.11.1",
            "source": {
                "type": "git",
                "url": "https://github.com/doctrine/DoctrineBundle.git",
                "reference": "c891136b18f2e3e5d7c39e4b0f5674a5e0000530"
            },
            "require": {
                "doctrine/dbal": "^3.6.0 || ^4",
                "doctrine/persistence": "^2.2 || ^3",
                "doctrine/sql-formatter": "^1.0.1",
                "php": "^7.4 || ^8.0",
                "symfony/cache": "^5.4 || ^6.0 || ^7.0",
                "symfony/config": "^5.4 || ^6.0 || ^7.0",
                "symfony/console": "^5.4 || ^6.0 || ^7.0",
                "symfony/dependency-injection": "^5.4 || ^6.0 || ^7.0",
                "symfony/deprecation-contracts": "^2.1 || ^3",
                "symfony/doctrine-bridge": "^5.4.19 || ^6.0.7 || ^7.0",
                "symfony/framework-bundle": "^5.4 || ^6.0 || ^7.0",
                "symfony/service-contracts": "^1.1.1 || ^2.0 || ^3"
            },
            "type": "symfony-bundle",
            "autoload": {
                "psr-4": {
                    "Doctrine\\Bundle\\DoctrineBundle\\": "src"
                }
            }
        },
        {
            "name": "doctrine/doctrine-migrations-bundle",
            "version": "3.3.0",
            "source": {
                "type": "git",
                "url": "https://github.com/doctrine/DoctrineMigrationsBundle.git",
                "reference": "1dd42906a5fb9c5960723e2ebb45c68006493835"
            },
            "require": {
                "doctrine/doctrine-bundle": "^2.4",
                "doctrine/migrations": "^3.2",
                "php": "^7.2 || ^8.0",
                "symfony/framework-bundle": "^5.4 || ^6.0 || ^7.0"
            },
            "type": "symfony-bundle",
            "autoload": {
                "psr-4": {
                    "Doctrine\\Bundle\\MigrationsBundle\\": "src"
                }
            }
        },
        {
            "name": "doctrine/event-manager",
            "version": "2.0.0",
            "source": {
                "type": "git",
                "url": "https://github.com/doctrine/event-manager.git",
                "reference": "750671534e0241a7c50ea5b43f67e23eb5c96f32"
            },
            "require": {
                "php": "^8.1"
            },
            "type": "library",
            "autoload": {
                "psr-4": {
                    "Doctrine\\Common\\EventManager\\": "src"
                }
            }
        },
        {
            "name": "doctrine/inflector",
            "version": "2.0.8",
            "source": {
                "type": "git",
                "url": "https://github.com/doctrine/inflector.git",
                "reference": "f9301a5b2fb1216b2b08f02ba04dc45423db6bff"
            },
            "require": {
                "php": "^7.2 || ^8.0"
            },
            "type": "library",
            "autoload": {
                "psr-4": {
                    "Doctrine\\Inflector\\": "lib/Doctrine/Inflector"
                }
            }
        },
        {
            "name": "doctrine/instantiator",
            "version": "2.0.0",
            "source": {
                "type": "git",
                "url": "https://github.com/doctrine/instantiator.git",
                "reference": "c6222283fa3f4ac679f8b9ced9a4e23f163e80d0"
            },
            "require": {
                "php": "^8.1"
            },
            "type": "library",
            "autoload": {
                "psr-4": {
                    "Doctrine\\Instantiator\\": "src/Doctrine/Instantiator/"
                }
            }
        },
        {
            "name": "doctrine/lexer",
            "version": "3.0.0",
            "source": {
                "type": "git",
                "url": "https://github.com/doctrine/lexer.git",
                "reference": "84a527db05647743d50373e0ec53a152f2cde568"
            },
            "require": {
                "php": "^8.1"
            },
            "type": "library",
            "autoload": {
                "psr-4": {
                    "Doctrine\\Common\\Lexer\\": "src"
                }
            }
        },
        {
            "name": "doctrine/migrations",
            "version": "3.6.0",
            "source": {
                "type": "git",
                "url": "https://github.com/doctrine/migrations.git",
                "reference": "e542ad9fa9d9f081bbef5c0923d292d9037a8dd6"
            },
            "require": {
                "composer-runtime-api": "^2",
                "doctrine/dbal": "^3.5.1 || ^4",
                "doctrine/deprecations": "^0.5.3 || ^1",
                "doctrine/event-manager": "^1.2 || ^2.0",
                "php": "^8.1",
                "psr/log": "^1.1.3 || ^2 || ^3",
                "symfony/console": "^5.4 || ^6.0 || ^7.0",
                "symfony/stopwatch": "^5.4 || ^6.0 || ^7.0"
            },
            "type": "library",
            "autoload": {
                "psr-4": {
                    "Doctrine\\Migrations\\": "lib/Doctrine/Migrations"
                }
            }
        },
        {
            "name": "doctrine/orm",
            "version": "2.17.2",
            "source": {
                "type": "git",
                "url": "https://github.com/doctrine/orm.git",
                "reference": "393679a6d6d0e955f0be9e8b1403c0a8b536ff0e"
            },
            "require": {
                "composer-runtime-api": "^2",
                "doctrine/cache": "^1.12.1 || ^2.1.1",
                "doctrine/collections": "^1.5 || ^2.0",
                "doctrine/common": "^3.0.3",
                "doctrine/dbal": "^2.13.1 || ^3.2",
                "doctrine/deprecations": "^0.5.3 || ^1",
                "doctrine/event-manager": "^1.2 || ^2",
                "doctrine/inflector": "^1.4 || ^2.0",
                "doctrine/instantiator": "^1.3 || ^2",
                "doctrine/lexer": "^2 || ^3",
                "doctrine/persistence": "^2.4 || ^3",
                "php": "^7.1 || ^8.0",
                "psr/cache": "^1 || ^2 || ^3",
                "symfony/console": "^4.2 || ^5.0 || ^6.0 || ^7.0"
            },
            "type": "library",
            "autoload": {
                "psr-4": {
                    "Doctrine\\ORM\\": "lib/Doctrine/ORM"
                }
            }
        },
        {
            "name": "doctrine/persistence",
            "version": "3.2.0",
            "source": {
                "type": "git",
                "url": "https://github.com/doctrine/persistence.git",
                "reference": "63fee8c33bef740db6730eb2a750cd3da6495603"
            },
            "require": {
                "doctrine/event-manager": "^1 || ^2",
                "php": "^7.2 || ^8.0",
                "psr/cache": "^1.0 || ^2.0 || ^3.0"
            },
            "type": "library",
            "autoload": {
                "psr-4": {
                    "Doctrine\\Persistence\\": "src/Persistence"
                }
            }
        },
        {
            "name": "doctrine/sql-formatter",
            "version": "1.1.3",
            "source": {
                "type": "git",
                "url": "https://github.com/doctrine/sql-formatter.git",
                "reference": "25a06c7bf4c6b8218f47928654252863ffc890a5"
            },
            "require": {
                "php": "^7.1 || ^8.0"
            },
            "type": "library",
            "autoload": {
                "psr-4": {
                    "Doctrine\\SqlFormatter\\": "src"
                }
            }
        },
        {
            "name": "knplabs/knp-paginator-bundle",
            "version": "v5.9.0",
            "source": {
                "type": "git",
                "url": "https://github.com/KnpLabs/KnpPaginatorBundle.git",
                "reference": "e1c4e06ff8e4ed2f3e2c41e7b9426e86a1c6ff9c"
            },
            "require": {
                "knplabs/knp-components": "^2.4 || ^3.0 || ^4.0",
                "php": ">=7.2",
                "symfony/config": "^4.4 || ^5.0 || ^6.0",
                "symfony/dependency-injection": "^4.4 || ^5.0 || ^6.0",
                "symfony/event-dispatcher": "^4.4 || ^5.0 || ^6.0",
                "symfony/http-foundation": "^4.4 || ^5.0 || ^6.0",
                "symfony/http-kernel": "^4.4 || ^5.0 || ^6.0",
                "symfony/routing": "^4.4 || ^5.0 || ^6.0",
                "symfony/translation": "^4.4 || ^5.0 || ^6.0",
                "twig/twig": "^2.0 || ^3.0"
            },
            "type": "symfony-bundle",
            "autoload": {
                "psr-4": {
                    "Knp\\Bundle\\PaginatorBundle\\": "src"
                }
            }
        },
        {
            "name": "psr/cache",
            "version": "3.0.0",
            "source": {
                "type": "git",
                "url": "https://github.com/php-fig/cache.git",
                "reference": "aa5030cfa5405eccfdcb1083ce040c2cb8d253bf"
            },
            "require": {
                "php": ">=8.0.0"
            },
            "type": "library",
            "autoload": {
                "psr-4": {
                    "Psr\\Cache\\": "src/"
                }
            }
        },
        {
            "name": "psr/container",
            "version": "2.0.2",
            "source": {
                "type": "git",
                "url": "https://github.com/php-fig/container.git",
                "reference": "c71ecc56dfe541dbd90c5360474fbc405f8d5963"
            },
            "require": {
                "php": ">=7.4.0"
            },
            "type": "library",
            "autoload": {
                "psr-4": {
                    "Psr\\Container\\": "src/"
                }
            }
        },
        {
            "name": "psr/event-dispatcher",
            "version": "1.0.0",
            "source": {
                "type": "git",
                "url": "https://github.com/php-fig/event-dispatcher.git",
                "reference": "dbefd12671e8a14ec7f180cab83036ed26714bb0"
            },
            "require": {
                "php": ">=7.2.0"
            },
            "type": "library",
            "autoload": {
                "psr-4": {
                    "Psr\\EventDispatcher\\": "src/"
                }
            }
        },
        {
            "name": "psr/log",
            "version": "3.0.0",
            "source": {
                "type": "git",
                "url": "https://github.com/php-fig/log.git",
                "reference": "fe5ea303b0887d5caefd3d431c3e61ad47037001"
            },
            "require": {
                "php": ">=8.0.0"
            },
            "type": "library",
            "autoload": {
                "psr-4": {
                    "Psr\\Log\\": "src"
                }
            }
        },
        {
            "name": "symfony/asset",
            "version": "v6.0.19",
            "source": {
                "type": "git",
                "url": "https://github.com/symfony/asset.git",
                "reference": "d0f009f2e61c02f20f0b97edd0e3c7c7716e5345"
            },
            "require": {
                "php": ">=8.0.2"
            },
            "type": "library",
            "autoload": {
                "psr-4": {
                    "Symfony\\Component\\Asset\\": ""
                }
            }
        },
        {
            "name": "symfony/console",
            "version": "v6.0.19",
            "source": {
                "type": "git",
                "url": "https://github.com/symfony/console.git",
                "reference": "c3ebc83d031b71c39da318ca8b7a07ecc67507ed"
            },
            "require": {
                "php": ">=8.0.2",
                "symfony/polyfill-mbstring": "~1.0",
                "symfony/service-contracts": "^1.1|^2|^3",
                "symfony/string": "^5.4|^6.0"
            },
            "type": "library",
            "autoload": {
                "psr-4": {
                    "Symfony\\Component\\Console\\": ""
                }
            }
        },
        {
            "name": "symfony/dotenv",
            "version": "v6.0.19",
            "source": {
                "type": "git",
                "url": "https://github.com/symfony/dotenv.git",
                "reference": "4f3bf3f14f0d4a4703ad9e1c82c8dc7f48cf6939"
            },
            "require": {
                "php": ">=8.0.2"
            },
            "type": "library",
            "autoload": {
                "psr-4": {
                    "Symfony\\Component\\Dotenv\\": ""
                }
            }
        },
        {
            "name": "symfony/flex",
            "version": "v2.4.5",
            "source": {
                "type": "git",
                "url": "https://github.com/symfony/flex.git",
                "reference": "b0a405f40614c9f584b484d5c801e0b4b9a52214"
            },
            "require": {
                "composer-plugin-api": "^2.1",
                "php": ">=8.0"
            },
            "type": "composer-plugin",
            "autoload": {
                "psr-4": {
                    "Symfony\\Flex\\": "src"
                }
            }
        },
        {
            "name": "symfony/form",
            "version": "v6.0.19",
            "source": {
                "type": "git",
                "url": "https://github.com/symfony/form.git",
                "reference": "ad0b28cb04821e837473c7875a28c52e684c8c84"
            },
            "require": {
                "php": ">=8.0.2",
                "symfony/deprecation-contracts": "^2.1|^3",
                "symfony/event-dispatcher": "^5.4|^6.0",
                "symfony/options-resolver": "^5.4|^6.0",
                "symfony/polyfill-ctype": "~1.8",
                "symfony/polyfill-intl-icu": "^1.21",
                "symfony/polyfill-mbstring": "~1.0",
                "symfony/property-access": "^5.4|^6.0",
                "symfony/service-contracts": "^1.1|^2|^3"
            },
            "type": "library",
            "autoload": {
                "psr-4": {
                    "Symfony\\Component\\Form\\": ""
                }
            }
        },
        {
            "name": "symfony/framework-bundle",
            "version": "v6.0.20",
            "source": {
                "type": "git",
                "url": "https://github.com/symfony/framework-bundle.git",
                "reference": "553369a68486d5c06c47046b954eb63e3ff5a7d1"
            },
            "require": {
                "ext-xml": "*",
                "php": ">=8.0.2",
                "symfony/cache": "^5.4|^6.0",
                "symfony/config": "^6.0.9",
                "symfony/dependency-injection": "^6.0.9",
                "symfony/deprecation-contracts": "^2.1|^3",
                "symfony/error-handler": "^5.4|^6.0",
                "symfony/event-dispatcher": "^5.4|^6.0",
                "symfony/filesystem": "^5.4|^6.0",
                "symfony/finder": "^5.4|^6.0",
                "symfony/http-foundation": "^5.4|^6.0",
                "symfony/http-kernel": "^6.0.5",
                "symfony/polyfill-mbstring": "~1.0",
                "symfony/routing": "^5.4|^6.0"
            },
            "type": "symfony-bundle",
            "autoload": {
                "psr-4": {
                    "Symfony\\Bundle\\FrameworkBundle\\": ""
                }
            }
        },
        {
            "name": "symfony/mailer",
            "version": "v6.0.19",
            "source": {
                "type": "git",
                "url": "https://github.com/symfony/mailer.git",
                "reference": "cd60799210c488f545dddef88f1152f6d5d9c6c2"
            },
            "require": {
                "egulias/email-validator": "^2.1.10|^3|^4",
                "php": ">=8.0.2",
                "psr/event-dispatcher": "^1",
                "psr/log": "^1|^2|^3",
                "symfony/event-dispatcher": "^5.4|^6.0",
                "symfony/mime": "^5.4|^6.0",
                "symfony/service-contracts": "^1.1|^2|^3"
            },
            "type": "library",
            "autoload": {
                "psr-4": {
                    "Symfony\\Component\\Mailer\\": ""
                }
            }
        },
        {
            "name": "symfony/runtime",
            "version": "v6.0.19",
            "source": {
                "type": "git",
                "url": "https://github.com/symfony/runtime.git",
                "reference": "fcb5e357fc13c5e117c25809a6c849aca254cac9"
            },
            "require": {
                "composer-plugin-api": "^1.0|^2.0",
                "php": ">=8.0.2"
            },
            "type": "composer-plugin",
            "autoload": {
                "psr-4": {
                    "Symfony\\Component\\Runtime\\": ""
                }
            }
        },
        {
            "name": "symfony/security-bundle",
            "version": "v6.0.20",
            "source": {
                "type": "git",
                "url": "https://github.com/symfony/security-bundle.git",
                "reference": "49e16da0f461b2f2931ced1a2047dc61ab0a5494"
            },
            "require": {
                "ext-xml": "*",
                "php": ">=8.0.2",
                "symfony/config": "^5.4|^6.0",
                "symfony/dependency-injection": "^5.4|^6.0",
                "symfony/event-dispatcher": "^5.4|^6.0",
                "symfony/http-foundation": "^5.4|^6.0",
                "symfony/http-kernel": "^5.4|^6.0",
                "symfony/password-hasher": "^5.4|^6.0",
                "symfony/security-core": "^5.4|^6.0",
                "symfony/security-csrf": "^5.4|^6.0",
                "symfony/security-http": "^6.0"
            },
            "type": "symfony-bundle",
            "autoload": {
                "psr-4": {
                    "Symfony\\Bundle\\SecurityBundle\\": ""
                }
            }
        },
        {
            "name": "symfony/twig-bundle",
            "version": "v6.0.19",
            "source": {
                "type": "git",
                "url": "https://github.com/symfony/twig-bundle.git",
                "reference": "c4de4f07329483dfbb003585aa327bec91c3cf27"
            },
            "require": {
                "composer-runtime-api": ">=2.1",
                "php": ">=8.0.2",
                "symfony/config": "^5.4|^6.0",
                "symfony/dependency-injection": "^5.4|^6.0",
                "symfony/http-foundation": "^5.4|^6.0",
                "symfony/http-kernel": "^5.4|^6.0",
                "symfony/twig-bridge": "^5.4|^6.0",
                "twig/twig": "^2.13|^3.0.4"
            },
            "type": "symfony-bundle",
            "autoload": {
                "psr-4": {
                    "Symfony\\Bundle\\TwigBundle\\": ""
                }
            }
        },
        {
            "name": "symfony/validator",
            "version": "v6.0.19",
            "source": {
                "type": "git",
                "url": "https://github.com/symfony/validator.git",
                "reference": "16472e2eb0c8f3cc9535764e418080f039e77c59"
            },
            "require": {
                "php": ">=8.0.2",
                "symfony/deprecation-contracts": "^2.1|^3",
                "symfony/polyfill-ctype": "~1.8",
                "symfony/polyfill-mbstring": "~1.0",
                "symfony/translation-contracts": "^1.1|^2|^3"
            },
            "type": "library",
            "autoload": {
                "psr-4": {
                    "Symfony\\Component\\Validator\\": ""
                }
            }
        },
        {
            "name": "symfony/yaml",
            "version": "v6.0.19",
            "source": {
                "type": "git",
                "url": "https://github.com/symfony/yaml.git",
                "reference": "deec3a812a0305a50db8ae689b183f43d915c884"
            },
            "require": {
                "php": ">=8.0.2",
                "symfony/polyfill-ctype": "^1.8"
            },
            "type": "library",
            "autoload": {
                "psr-4": {
                    "Symfony\\Component\\Yaml\\": ""
                }
            }
        },
        {
            "name": "twig/extra-bundle",
            "version": "v3.8.0",
            "source": {
                "type": "git",
                "url": "https://github.com/twigphp/twig-extra-bundle.git",
                "reference": "32807183753de0388c8e59f7ac2d13bb47311140"
            },
            "require": {
                "php": ">=7.2.5",
                "symfony/framework-bundle": "^4.4|^5.0|^6.0|^7.0",
                "symfony/twig-bundle": "^4.4|^5.0|^6.0|^7.0",
                "twig/twig": "^3.0"
            },
            "type": "symfony-bundle",
            "autoload": {
                "psr-4": {
                    "Twig\\Extra\\TwigExtraBundle\\": ""
                }
            }
        },
        {
            "name": "twig/twig",
            "version": "v3.8.0",
            "source": {
                "type": "git",
                "url": "https://github.com/twigphp/Twig.git",
                "reference": "9d15f0ac07f44dc4217883ec6ae02fd555c6f71d"
            },
            "require": {
                "php": ">=7.2.5",
                "symfony/polyfill-ctype": "^1.8",
                "symfony/polyfill-mbstring": "^1.3"
            },
            "type": "library",
            "autoload": {
                "psr-4": {
                    "Twig\\": "src/"
                }
            }
        }
    ],
    "packages-dev": [
        {
            "name": "symfony/maker-bundle",
            "version": "v1.52.0",
            "source": {
                "type": "git",
                "url": "https://github.com/symfony/maker-bundle.git",
                "reference": "0fad9094f2775e5c9294227ff591f40a4adab040"
            },
            "require": {
                "doctrine/inflector": "^2.0",
                "nikic/php-parser": "^4.11",
                "php": ">=8.0",
                "symfony/config": "^5.4|^6.0|^7.0",
                "symfony/console": "^5.4|^6.0|^7.0",
                "symfony/dependency-injection": "^5.4|^6.0|^7.0",
                "symfony/deprecation-contracts": "^2.2|^3",
                "symfony/filesystem": "^5.4|^6.0|^7.0",
                "symfony/finder": "^5.4|^6.0|^7.0",
                "symfony/framework-bundle": "^5.4|^6.0|^7.0",
                "symfony/http-kernel": "^5.4|^6.0|^7.0"
            },
            "type": "symfony-bundle",
            "autoload": {
                "psr-4": {
                    "Symfony\\Bundle\\MakerBundle\\": "src/"
                }
            }
        }
    ],
    "aliases": [],
    "minimum-stability": "stable",
    "stability-flags": [],
    "prefer-stable": true,
    "prefer-lowest": false,
    "platform": {
        "php": ">=8.0.2",
        "ext-ctype": "*",
        "ext-iconv": "*"
    },
    "platform-dev": [],
    "plugin-api-version": "2.3.0"
}